
Microsoft Visual Studio Solution File, Format Version 12.00
# Visual Studio Version 16
VisualStudioVersion = 16.0.30128.74
MinimumVisualStudioVersion = 10.0.40219.1
Project("{9A19103F-16F7-4668-BE54-9A1E7A4F7556}") = "SharpBot", "SharpBot\SharpBot.csproj", "{13DCD060-B01F-4C51-95C7-974F2359660C}"
EndProject
Global
	GlobalSection(SolutionConfigurationPlatforms) = preSolution
		Debug|Any CPU = Debug|Any CPU
		Release|Any CPU = Release|Any CPU
	EndGlobalSection
	GlobalSection(ProjectConfigurationPlatforms) = postSolution
		{13DCD060-B01F-4C51-95C7-974F2359660C}.Debug|Any CPU.ActiveCfg = Debug|Any CPU
		{13DCD060-B01F-4C51-95C7-974F2359660C}.Debug|Any CPU.Build.0 = Debug|Any CPU
		{13DCD060-B01F-4C51-95C7-974F2359660C}.Release|Any CPU.ActiveCfg = Release|Any CPU
		{13DCD060-B01F-4C51-95C7-974F2359660C}.Release|Any CPU.Build.0 = Release|Any CPU
	EndGlobalSection
	GlobalSection(SolutionProperties) = preSolution
		HideSolutionNode = FALSE
	EndGlobalSection
	GlobalSection(ExtensibilityGlobals) = postSolution
		SolutionGuid = {B8C68327-D8E2-45EC-8253-99949A47F618}
	EndGlobalSection
EndGlobal
